# This file is generated by running "yarn install" inside your project.
# Manual changes might be lost - proceed with caution!

__metadata:
  version: 8
  cacheKey: 10c0

"@biomejs/biome@npm:^1.7.0":
  version: 1.7.0
  resolution: "@biomejs/biome@npm:1.7.0"
  dependencies:
    "@biomejs/cli-darwin-arm64": "npm:1.7.0"
    "@biomejs/cli-darwin-x64": "npm:1.7.0"
    "@biomejs/cli-linux-arm64": "npm:1.7.0"
    "@biomejs/cli-linux-arm64-musl": "npm:1.7.0"
    "@biomejs/cli-linux-x64": "npm:1.7.0"
    "@biomejs/cli-linux-x64-musl": "npm:1.7.0"
    "@biomejs/cli-win32-arm64": "npm:1.7.0"
    "@biomejs/cli-win32-x64": "npm:1.7.0"
  dependenciesMeta:
    "@biomejs/cli-darwin-arm64":
      optional: true
    "@biomejs/cli-darwin-x64":
      optional: true
    "@biomejs/cli-linux-arm64":
      optional: true
    "@biomejs/cli-linux-arm64-musl":
      optional: true
    "@biomejs/cli-linux-x64":
      optional: true
    "@biomejs/cli-linux-x64-musl":
      optional: true
    "@biomejs/cli-win32-arm64":
      optional: true
    "@biomejs/cli-win32-x64":
      optional: true
  bin:
    biome: bin/biome
  checksum: 10c0/1a3278dc127956700a27e1785f394e503f0b91ba6e063ab155a838efd4f5d8ce112e82bbdf451af40a3ebf3cc9aa0cd682c72e457004d416c21efda745255ad3
  languageName: node
  linkType: hard

"@biomejs/cli-darwin-arm64@npm:1.7.0":
  version: 1.7.0
  resolution: "@biomejs/cli-darwin-arm64@npm:1.7.0"
  conditions: os=darwin & cpu=arm64
  languageName: node
  linkType: hard

"@biomejs/cli-darwin-x64@npm:1.7.0":
  version: 1.7.0
  resolution: "@biomejs/cli-darwin-x64@npm:1.7.0"
  conditions: os=darwin & cpu=x64
  languageName: node
  linkType: hard

"@biomejs/cli-linux-arm64-musl@npm:1.7.0":
  version: 1.7.0
  resolution: "@biomejs/cli-linux-arm64-musl@npm:1.7.0"
  conditions: os=linux & cpu=arm64 & libc=musl
  languageName: node
  linkType: hard

"@biomejs/cli-linux-arm64@npm:1.7.0":
  version: 1.7.0
  resolution: "@biomejs/cli-linux-arm64@npm:1.7.0"
  conditions: os=linux & cpu=arm64 & libc=glibc
  languageName: node
  linkType: hard

"@biomejs/cli-linux-x64-musl@npm:1.7.0":
  version: 1.7.0
  resolution: "@biomejs/cli-linux-x64-musl@npm:1.7.0"
  conditions: os=linux & cpu=x64 & libc=musl
  languageName: node
  linkType: hard

"@biomejs/cli-linux-x64@npm:1.7.0":
  version: 1.7.0
  resolution: "@biomejs/cli-linux-x64@npm:1.7.0"
  conditions: os=linux & cpu=x64 & libc=glibc
  languageName: node
  linkType: hard

"@biomejs/cli-win32-arm64@npm:1.7.0":
  version: 1.7.0
  resolution: "@biomejs/cli-win32-arm64@npm:1.7.0"
  conditions: os=win32 & cpu=arm64
  languageName: node
  linkType: hard

"@biomejs/cli-win32-x64@npm:1.7.0":
  version: 1.7.0
  resolution: "@biomejs/cli-win32-x64@npm:1.7.0"
  conditions: os=win32 & cpu=x64
  languageName: node
  linkType: hard

"husky@npm:^9.0.11":
  version: 9.0.11
  resolution: "husky@npm:9.0.11"
  bin:
    husky: bin.mjs
  checksum: 10c0/2c787dcf74a837fc9a4fea7da907509d4bd9a289f4ea10ecc9d86279e4d4542b0f5f6443a619bccae19e265f2677172cc2b86aae5c932a35a330cc227d914605
  languageName: node
  linkType: hard

"yarn-2-mono-project-template@workspace:.":
  version: 0.0.0-use.local
  resolution: "yarn-2-mono-project-template@workspace:."
  dependencies:
    "@biomejs/biome": "npm:^1.7.0"
    husky: "npm:^9.0.11"
  languageName: unknown
  linkType: soft
